Microsoft Visual Studio Solution File, Format Version 12.00
# Visual Studio 2012
Project("{FAE04EC0-301F-11D3-BF4B-00C04F79EFBC}") = "Tobi-s Time Odyssey V 2", "Tobi-s Time Odyssey V 2.csproj", "{1DCCE2BA-AC45-4E99-B069-8AC119C15316}"
EndProject
Global
	GlobalSection(SolutionConfigurationPlatforms) = preSolution
	Debug|Any CPU = Debug|Any CPU
	ExportDebug|Any CPU = ExportDebug|Any CPU
	ExportRelease|Any CPU = ExportRelease|Any CPU
	EndGlobalSection
	GlobalSection(ProjectConfigurationPlatforms) = postSolution
		{1DCCE2BA-AC45-4E99-B069-8AC119C15316}.Debug|Any CPU.ActiveCfg = Debug|Any CPU
		{1DCCE2BA-AC45-4E99-B069-8AC119C15316}.Debug|Any CPU.Build.0 = Debug|Any CPU
		{1DCCE2BA-AC45-4E99-B069-8AC119C15316}.ExportDebug|Any CPU.ActiveCfg = ExportDebug|Any CPU
		{1DCCE2BA-AC45-4E99-B069-8AC119C15316}.ExportDebug|Any CPU.Build.0 = ExportDebug|Any CPU
		{1DCCE2BA-AC45-4E99-B069-8AC119C15316}.ExportRelease|Any CPU.ActiveCfg = ExportRelease|Any CPU
		{1DCCE2BA-AC45-4E99-B069-8AC119C15316}.ExportRelease|Any CPU.Build.0 = ExportRelease|Any CPU
	EndGlobalSection
EndGlobal
